// !$*UTF8*$!
{
	archiveVersion = 1;
	classes = {
	};
	objectVersion = 46;
	objects = {

/* Begin PBXBuildFile section */
		CC0A9B271CFECC5B00B670C5 /* main.m in Sources */ = {isa = PBXBuildFile; fileRef = CC0A9B261CFECC5B00B670C5 /* main.m */; };
		CC0A9B2A1CFECC5B00B670C5 /* AppDelegate.m in Sources */ = {isa = PBXBuildFile; fileRef = CC0A9B291CFECC5B00B670C5 /* AppDelegate.m */; };
		CC0A9B2D1CFECC5B00B670C5 /* ViewController.m in Sources */ = {isa = PBXBuildFile; fileRef = CC0A9B2C1CFECC5B00B670C5 /* ViewController.m */; };
		CC0A9B301CFECC5B00B670C5 /* Main.storyboard in Resources */ = {isa = PBXBuildFile; fileRef = CC0A9B2E1CFECC5B00B670C5 /* Main.storyboard */; };
		CC0A9B321CFECC5B00B670C5 /* Assets.xcassets in Resources */ = {isa = PBXBuildFile; fileRef = CC0A9B311CFECC5B00B670C5 /* Assets.xcassets */; };
		CC0A9B351CFECC5B00B670C5 /* LaunchScreen.storyboard in Resources */ = {isa = PBXBuildFile; fileRef = CC0A9B331CFECC5B00B670C5 /* LaunchScreen.storyboard */; };
		CC0A9B401CFECC5B00B670C5 /* _0______Tests.m in Sources */ = {isa = PBXBuildFile; fileRef = CC0A9B3F1CFECC5B00B670C5 /* _0______Tests.m */; };
		CC0A9B4B1CFECC5B00B670C5 /* _0______UITests.m in Sources */ = {isa = PBXBuildFile; fileRef = CC0A9B4A1CFECC5B00B670C5 /* _0______UITests.m */; };
		CC0A9B5A1CFECCAA00B670C5 /* HJCirleProgress.m in Sources */ = {isa = PBXBuildFile; fileRef = CC0A9B591CFECCAA00B670C5 /* HJCirleProgress.m */; };
/* End PBXBuildFile section */

/* Begin PBXContainerItemProxy section */
		CC0A9B3C1CFECC5B00B670C5 /* PBXContainerItemProxy */ = {
			isa = PBXContainerItemProxy;
			containerPortal = CC0A9B1A1CFECC5B00B670C5 /* Project object */;
			proxyType = 1;
			remoteGlobalIDString = CC0A9B211CFECC5B00B670C5;
			remoteInfo = "20-扇形进度条";
		};
		CC0A9B471CFECC5B00B670C5 /* PBXContainerItemProxy */ = {
			isa = PBXContainerItemProxy;
			containerPortal = CC0A9B1A1CFECC5B00B670C5 /* Project object */;
			proxyType = 1;
			remoteGlobalIDString = CC0A9B211CFECC5B00B670C5;
			remoteInfo = "20-扇形进度条";
		};
/* End PBXContainerItemProxy section */

/* Begin PBXFileReference section */
		CC0A9B221CFECC5B00B670C5 /* 20-扇形进度条.app */ = {isa = PBXFileReference; explicitFileType = wrapper.application; includeInIndex = 0; path = "20-扇形进度条.app"; sourceTree = BUILT_PRODUCTS_DIR; };
		CC0A9B261CFECC5B00B670C5 /* main.m */ = {isa = PBXFileReference; lastKnownFileType = sourcecode.c.objc; path = main.m; sourceTree = "<group>"; };
		CC0A9B281CFECC5B00B670C5 /* AppDelegate.h */ = {isa = PBXFileReference; lastKnownFileType = sourcecode.c.h; path = AppDelegate.h; sourceTree = "<group>"; };
		CC0A9B291CFECC5B00B670C5 /* AppDelegate.m */ = {isa = PBXFileReference; lastKnownFileType = sourcecode.c.objc; path = AppDelegate.m; sourceTree = "<group>"; };
		CC0A9B2B1CFECC5B00B670C5 /* ViewController.h */ = {isa = PBXFileReference; lastKnownFileType = sourcecode.c.h; path = ViewController.h; sourceTree = "<group>"; };
		CC0A9B2C1CFECC5B00B670C5 /* ViewController.m */ = {isa = PBXFileReference; lastKnownFileType = sourcecode.c.objc; path = ViewController.m; sourceTree = "<group>"; };
		CC0A9B2F1CFECC5B00B670C5 /* Base */ = {isa = PBXFileReference; lastKnownFileType = file.storyboard; name = Base; path = Base.lproj/Main.storyboard; sourceTree = "<group>"; };
		CC0A9B311CFECC5B00B670C5 /* Assets.xcassets */ = {isa = PBXFileReference; lastKnownFileType = folder.assetcatalog; path = Assets.xcassets; sourceTree = "<group>"; };
		CC0A9B341CFECC5B00B670C5 /* Base */ = {isa = PBXFileReference; lastKnownFileType = file.storyboard; name = Base; path = Base.lproj/LaunchScreen.storyboard; sourceTree = "<group>"; };
		CC0A9B361CFECC5B00B670C5 /* Info.plist */ = {isa = PBXFileReference; lastKnownFileType = text.plist.xml; path = Info.plist; sourceTree = "<group>"; };
		CC0A9B3B1CFECC5B00B670C5 /* 20-扇形进度条Tests.xctest */ = {isa = PBXFileReference; explicitFileType = wrapper.cfbundle; includeInIndex = 0; path = "20-扇形进度条Tests.xctest"; sourceTree = BUILT_PRODUCTS_DIR; };
		CC0A9B3F1CFECC5B00B670C5 /* _0______Tests.m */ = {isa = PBXFileReference; lastKnownFileType = sourcecode.c.objc; path = "_0______Tests.m"; sourceTree = "<group>"; };
		CC0A9B411CFECC5B00B670C5 /* Info.plist */ = {isa = PBXFileReference; lastKnownFileType = text.plist.xml; path = Info.plist; sourceTree = "<group>"; };
		CC0A9B461CFECC5B00B670C5 /* 20-扇形进度条UITests.xctest */ = {isa = PBXFileReference; explicitFileType = wrapper.cfbundle; includeInIndex = 0; path = "20-扇形进度条UITests.xctest"; sourceTree = BUILT_PRODUCTS_DIR; };
		CC0A9B4A1CFECC5B00B670C5 /* _0______UITests.m */ = {isa = PBXFileReference; lastKnownFileType = sourcecode.c.objc; path = "_0______UITests.m"; sourceTree = "<group>"; };
		CC0A9B4C1CFECC5B00B670C5 /* Info.plist */ = {isa = PBXFileReference; lastKnownFileType = text.plist.xml; path = Info.plist; sourceTree = "<group>"; };
		CC0A9B581CFECCAA00B670C5 /* HJCirleProgress.h */ = {isa = PBXFileReference; fileEncoding = 4; lastKnownFileType = sourcecode.c.h; path = HJCirleProgress.h; sourceTree = "<group>"; };
		CC0A9B591CFECCAA00B670C5 /* HJCirleProgress.m */ = {isa = PBXFileReference; fileEncoding = 4; lastKnownFileType = sourcecode.c.objc; path = HJCirleProgress.m; sourceTree = "<group>"; };
/* End PBXFileReference section */

/* Begin PBXFrameworksBuildPhase section */
		CC0A9B1F1CFECC5B00B670C5 /* Frameworks */ = {
			isa = PBXFrameworksBuildPhase;
			buildActionMask = 2147483647;
			files = (
			);
			runOnlyForDeploymentPostprocessing = 0;
		};
		CC0A9B381CFECC5B00B670C5 /* Frameworks */ = {
			isa = PBXFrameworksBuildPhase;
			buildActionMask = 2147483647;
			files = (
			);
			runOnlyForDeploymentPostprocessing = 0;
		};
		CC0A9B431CFECC5B00B670C5 /* Frameworks */ = {
			isa = PBXFrameworksBuildPhase;
			buildActionMask = 2147483647;
			files = (
			);
			runOnlyForDeploymentPostprocessing = 0;
		};
/* End PBXFrameworksBuildPhase section */

/* Begin PBXGroup section */
		CC0A9B191CFECC5B00B670C5 = {
			isa = PBXGroup;
			children = (
				CC0A9B241CFECC5B00B670C5 /* 20-扇形进度条 */,
				CC0A9B3E1CFECC5B00B670C5 /* 20-扇形进度条Tests */,
				CC0A9B491CFECC5B00B670C5 /* 20-扇形进度条UITests */,
				CC0A9B231CFECC5B00B670C5 /* Products */,
			);
			sourceTree = "<group>";
		};
		CC0A9B231CFECC5B00B670C5 /* Products */ = {
			isa = PBXGroup;
			children = (
				CC0A9B221CFECC5B00B670C5 /* 20-扇形进度条.app */,
				CC0A9B3B1CFECC5B00B670C5 /* 20-扇形进度条Tests.xctest */,
				CC0A9B461CFECC5B00B670C5 /* 20-扇形进度条UITests.xctest */,
			);
			name = Products;
			sourceTree = "<group>";
		};
		CC0A9B241CFECC5B00B670C5 /* 20-扇形进度条 */ = {
			isa = PBXGroup;
			children = (
				CC0A9B281CFECC5B00B670C5 /* AppDelegate.h */,
				CC0A9B291CFECC5B00B670C5 /* AppDelegate.m */,
				CC0A9B581CFECCAA00B670C5 /* HJCirleProgress.h */,
				CC0A9B591CFECCAA00B670C5 /* HJCirleProgress.m */,
				CC0A9B2B1CFECC5B00B670C5 /* ViewController.h */,
				CC0A9B2C1CFECC5B00B670C5 /* ViewController.m */,
				CC0A9B2E1CFECC5B00B670C5 /* Main.storyboard */,
				CC0A9B311CFECC5B00B670C5 /* Assets.xcassets */,
				CC0A9B331CFECC5B00B670C5 /* LaunchScreen.storyboard */,
				CC0A9B361CFECC5B00B670C5 /* Info.plist */,
				CC0A9B251CFECC5B00B670C5 /* Supporting Files */,
			);
			path = "20-扇形进度条";
			sourceTree = "<group>";
		};
		CC0A9B251CFECC5B00B670C5 /* Supporting Files */ = {
			isa = PBXGroup;
			children = (
				CC0A9B261CFECC5B00B670C5 /* main.m */,
			);
			name = "Supporting Files";
			sourceTree = "<group>";
		};
		CC0A9B3E1CFECC5B00B670C5 /* 20-扇形进度条Tests */ = {
			isa = PBXGroup;
			children = (
				CC0A9B3F1CFECC5B00B670C5 /* _0______Tests.m */,
				CC0A9B411CFECC5B00B670C5 /* Info.plist */,
			);
			path = "20-扇形进度条Tests";
			sourceTree = "<group>";
		};
		CC0A9B491CFECC5B00B670C5 /* 20-扇形进度条UITests */ = {
			isa = PBXGroup;
			children = (
				CC0A9B4A1CFECC5B00B670C5 /* _0______UITests.m */,
				CC0A9B4C1CFECC5B00B670C5 /* Info.plist */,
			);
			path = "20-扇形进度条UITests";
			sourceTree = "<group>";
		};
/* End PBXGroup section */

/* Begin PBXNativeTarget section */
		CC0A9B211CFECC5B00B670C5 /* 20-扇形进度条 */ = {
			isa = PBXNativeTarget;
			buildConfigurationList = CC0A9B4F1CFECC5B00B670C5 /* Build configuration list for PBXNativeTarget "20-扇形进度条" */;
			buildPhases = (
				CC0A9B1E1CFECC5B00B670C5 /* Sources */,
				CC0A9B1F1CFECC5B00B670C5 /* Frameworks */,
				CC0A9B201CFECC5B00B670C5 /* Resources */,
			);
			buildRules = (
			);
			dependencies = (
			);
			name = "20-扇形进度条";
			productName = "20-扇形进度条";
			productReference = CC0A9B221CFECC5B00B670C5 /* 20-扇形进度条.app */;
			productType = "com.apple.product-type.application";
		};
		CC0A9B3A1CFECC5B00B670C5 /* 20-扇形进度条Tests */ = {
			isa = PBXNativeTarget;
			buildConfigurationList = CC0A9B521CFECC5B00B670C5 /* Build configuration list for PBXNativeTarget "20-扇形进度条Tests" */;
			buildPhases = (
				CC0A9B371CFECC5B00B670C5 /* Sources */,
				CC0A9B381CFECC5B00B670C5 /* Frameworks */,
				CC0A9B391CFECC5B00B670C5 /* Resources */,
			);
			buildRules = (
			);
			dependencies = (
				CC0A9B3D1CFECC5B00B670C5 /* PBXTargetDependency */,
			);
			name = "20-扇形进度条Tests";
			productName = "20-扇形进度条Tests";
			productReference = CC0A9B3B1CFECC5B00B670C5 /* 20-扇形进度条Tests.xctest */;
			productType = "com.apple.product-type.bundle.unit-test";
		};
		CC0A9B451CFECC5B00B670C5 /* 20-扇形进度条UITests */ = {
			isa = PBXNativeTarget;
			buildConfigurationList = CC0A9B551CFECC5B00B670C5 /* Build configuration list for PBXNativeTarget "20-扇形进度条UITests" */;
			buildPhases = (
				CC0A9B421CFECC5B00B670C5 /* Sources */,
				CC0A9B431CFECC5B00B670C5 /* Frameworks */,
				CC0A9B441CFECC5B00B670C5 /* Resources */,
			);
			buildRules = (
			);
			dependencies = (
				CC0A9B481CFECC5B00B670C5 /* PBXTargetDependency */,
			);
			name = "20-扇形进度条UITests";
			productName = "20-扇形进度条UITests";
			productReference = CC0A9B461CFECC5B00B670C5 /* 20-扇形进度条UITests.xctest */;
			productType = "com.apple.product-type.bundle.ui-testing";
		};
/* End PBXNativeTarget section */

/* Begin PBXProject section */
		CC0A9B1A1CFECC5B00B670C5 /* Project object */ = {
			isa = PBXProject;
			attributes = {
				LastUpgradeCheck = 0720;
				ORGANIZATIONNAME = XHJ;
				TargetAttributes = {
					CC0A9B211CFECC5B00B670C5 = {
						CreatedOnToolsVersion = 7.2;
					};
					CC0A9B3A1CFECC5B00B670C5 = {
						CreatedOnToolsVersion = 7.2;
						TestTargetID = CC0A9B211CFECC5B00B670C5;
					};
					CC0A9B451CFECC5B00B670C5 = {
						CreatedOnToolsVersion = 7.2;
						TestTargetID = CC0A9B211CFECC5B00B670C5;
					};
				};
			};
			buildConfigurationList = CC0A9B1D1CFECC5B00B670C5 /* Build configuration list for PBXProject "20-扇形进度条" */;
			compatibilityVersion = "Xcode 3.2";
			developmentRegion = English;
			hasScannedForEncodings = 0;
			knownRegions = (
				en,
				Base,
			);
			mainGroup = CC0A9B191CFECC5B00B670C5;
			productRefGroup = CC0A9B231CFECC5B00B670C5 /* Products */;
			projectDirPath = "";
			projectRoot = "";
			targets = (
				CC0A9B211CFECC5B00B670C5 /* 20-扇形进度条 */,
				CC0A9B3A1CFECC5B00B670C5 /* 20-扇形进度条Tests */,
				CC0A9B451CFECC5B00B670C5 /* 20-扇形进度条UITests */,
			);
		};
/* End PBXProject section */

/* Begin PBXResourcesBuildPhase section */
		CC0A9B201CFECC5B00B670C5 /* Resources */ = {
			isa = PBXResourcesBuildPhase;
			buildActionMask = 2147483647;
			files = (
				CC0A9B351CFECC5B00B670C5 /* LaunchScreen.storyboard in Resources */,
				CC0A9B321CFECC5B00B670C5 /* Assets.xcassets in Resources */,
				CC0A9B301CFECC5B00B670C5 /* Main.storyboard in Resources */,
			);
			runOnlyForDeploymentPostprocessing = 0;
		};
		CC0A9B391CFECC5B00B670C5 /* Resources */ = {
			isa = PBXResourcesBuildPhase;
			buildActionMask = 2147483647;
			files = (
			);
			runOnlyForDeploymentPostprocessing = 0;
		};
		CC0A9B441CFECC5B00B670C5 /* Resources */ = {
			isa = PBXResourcesBuildPhase;
			buildActionMask = 2147483647;
			files = (
			);
			runOnlyForDeploymentPostprocessing = 0;
		};
/* End PBXResourcesBuildPhase section */

/* Begin PBXSourcesBuildPhase section */
		CC0A9B1E1CFECC5B00B670C5 /* Sources */ = {
			isa = PBXSourcesBuildPhase;
			buildActionMask = 2147483647;
			files = (
				CC0A9B2D1CFECC5B00B670C5 /* ViewController.m in Sources */,
				CC0A9B2A1CFECC5B00B670C5 /* AppDelegate.m in Sources */,
				CC0A9B5A1CFECCAA00B670C5 /* HJCirleProgress.m in Sources */,
				CC0A9B271CFECC5B00B670C5 /* main.m in Sources */,
			);
			runOnlyForDeploymentPostprocessing = 0;
		};
		CC0A9B371CFECC5B00B670C5 /* Sources */ = {
			isa = PBXSourcesBuildPhase;
			buildActionMask = 2147483647;
			files = (
				CC0A9B401CFECC5B00B670C5 /* _0______Tests.m in Sources */,
			);
			runOnlyForDeploymentPostprocessing = 0;
		};
		CC0A9B421CFECC5B00B670C5 /* Sources */ = {
			isa = PBXSourcesBuildPhase;
			buildActionMask = 2147483647;
			files = (
				CC0A9B4B1CFECC5B00B670C5 /* _0______UITests.m in Sources */,
			);
			runOnlyForDeploymentPostprocessing = 0;
		};
/* End PBXSourcesBuildPhase section */

/* Begin PBXTargetDependency section */
		CC0A9B3D1CFECC5B00B670C5 /* PBXTargetDependency */ = {
			isa = PBXTargetDependency;
			target = CC0A9B211CFECC5B00B670C5 /* 20-扇形进度条 */;
			targetProxy = CC0A9B3C1CFECC5B00B670C5 /* PBXContainerItemProxy */;
		};
		CC0A9B481CFECC5B00B670C5 /* PBXTargetDependency */ = {
			isa = PBXTargetDependency;
			target = CC0A9B211CFECC5B00B670C5 /* 20-扇形进度条 */;
			targetProxy = CC0A9B471CFECC5B00B670C5 /* PBXContainerItemProxy */;
		};
/* End PBXTargetDependency section */

/* Begin PBXVariantGroup section */
		CC0A9B2E1CFECC5B00B670C5 /* Main.storyboard */ = {
			isa = PBXVariantGroup;
			children = (
				CC0A9B2F1CFECC5B00B670C5 /* Base */,
			);
			name = Main.storyboard;
			sourceTree = "<group>";
		};
		CC0A9B331CFECC5B00B670C5 /* LaunchScreen.storyboard */ = {
			isa = PBXVariantGroup;
			children = (
				CC0A9B341CFECC5B00B670C5 /* Base */,
			);
			name = LaunchScreen.storyboard;
			sourceTree = "<group>";
		};
/* End PBXVariantGroup section */

/* Begin XCBuildConfiguration section */
		CC0A9B4D1CFECC5B00B670C5 /* Debug */ = {
			isa = XCBuildConfiguration;
			buildSettings = {
				ALWAYS_SEARCH_USER_PATHS = NO;
				CLANG_CXX_LANGUAGE_STANDARD = "gnu++0x";
				CLANG_CXX_LIBRARY = "libc++";
				CLANG_ENABLE_MODULES = YES;
				CLANG_ENABLE_OBJC_ARC = YES;
				CLANG_WARN_BOOL_CONVERSION = YES;
				CLANG_WARN_CONSTANT_CONVERSION = YES;
				CLANG_WARN_DIRECT_OBJC_ISA_USAGE = YES_ERROR;
				CLANG_WARN_EMPTY_BODY = YES;
				CLANG_WARN_ENUM_CONVERSION = YES;
				CLANG_WARN_INT_CONVERSION = YES;
				CLANG_WARN_OBJC_ROOT_CLASS = YES_ERROR;
				CLANG_WARN_UNREACHABLE_CODE = YES;
				CLANG_WARN__DUPLICATE_METHOD_MATCH = YES;
				"CODE_SIGN_IDENTITY[sdk=iphoneos*]" = "iPhone Developer";
				COPY_PHASE_STRIP = NO;
				DEBUG_INFORMATION_FORMAT = dwarf;
				ENABLE_STRICT_OBJC_MSGSEND = YES;
				ENABLE_TESTABILITY = YES;
				GCC_C_LANGUAGE_STANDARD = gnu99;
				GCC_DYNAMIC_NO_PIC = NO;
				GCC_NO_COMMON_BLOCKS = YES;
				GCC_OPTIMIZATION_LEVEL = 0;
				GCC_PREPROCESSOR_DEFINITIONS = (
					"DEBUG=1",
					"$(inherited)",
				);
				GCC_WARN_64_TO_32_BIT_CONVERSION = YES;
				GCC_WARN_ABOUT_RETURN_TYPE = YES_ERROR;
				GCC_WARN_UNDECLARED_SELECTOR = YES;
				GCC_WARN_UNINITIALIZED_AUTOS = YES_AGGRESSIVE;
				GCC_WARN_UNUSED_FUNCTION = YES;
				GCC_WARN_UNUSED_VARIABLE = YES;
				IPHONEOS_DEPLOYMENT_TARGET = 9.2;
				MTL_ENABLE_DEBUG_INFO = YES;
				ONLY_ACTIVE_ARCH = YES;
				SDKROOT = iphoneos;
				TARGETED_DEVICE_FAMILY = "1,2";
			};
			name = Debug;
		};
		CC0A9B4E1CFECC5B00B670C5 /* Release */ = {
			isa = XCBuildConfiguration;
			buildSettings = {
				ALWAYS_SEARCH_USER_PATHS = NO;
				CLANG_CXX_LANGUAGE_STANDARD = "gnu++0x";
				CLANG_CXX_LIBRARY = "libc++";
				CLANG_ENABLE_MODULES = YES;
				CLANG_ENABLE_OBJC_ARC = YES;
				CLANG_WARN_BOOL_CONVERSION = YES;
				CLANG_WARN_CONSTANT_CONVERSION = YES;
				CLANG_WARN_DIRECT_OBJC_ISA_USAGE = YES_ERROR;
				CLANG_WARN_EMPTY_BODY = YES;
				CLANG_WARN_ENUM_CONVERSION = YES;
				CLANG_WARN_INT_CONVERSION = YES;
				CLANG_WARN_OBJC_ROOT_CLASS = YES_ERROR;
				CLANG_WARN_UNREACHABLE_CODE = YES;
				CLANG_WARN__DUPLICATE_METHOD_MATCH = YES;
				"CODE_SIGN_IDENTITY[sdk=iphoneos*]" = "iPhone Developer";
				COPY_PHASE_STRIP = NO;
				DEBUG_INFORMATION_FORMAT = "dwarf-with-dsym";
				ENABLE_NS_ASSERTIONS = NO;
				ENABLE_STRICT_OBJC_MSGSEND = YES;
				GCC_C_LANGUAGE_STANDARD = gnu99;
				GCC_NO_COMMON_BLOCKS = YES;
				GCC_WARN_64_TO_32_BIT_CONVERSION = YES;
				GCC_WARN_ABOUT_RETURN_TYPE = YES_ERROR;
				GCC_WARN_UNDECLARED_SELECTOR = YES;
				GCC_WARN_UNINITIALIZED_AUTOS = YES_AGGRESSIVE;
				GCC_WARN_UNUSED_FUNCTION = YES;
				GCC_WARN_UNUSED_VARIABLE = YES;
				IPHONEOS_DEPLOYMENT_TARGET = 9.2;
				MTL_ENABLE_DEBUG_INFO = NO;
				SDKROOT = iphoneos;
				TARGETED_DEVICE_FAMILY = "1,2";
				VALIDATE_PRODUCT = YES;
			};
			name = Release;
		};
		CC0A9B501CFECC5B00B670C5 /* Debug */ = {
			isa = XCBuildConfiguration;
			buildSettings = {
				ASSETCATALOG_COMPILER_APPICON_NAME = AppIcon;
				INFOPLIST_FILE = "20-扇形进度条/Info.plist";
				LD_RUNPATH_SEARCH_PATHS = "$(inherited) @executable_path/Frameworks";
				PRODUCT_BUNDLE_IDENTIFIER = "cn.coppco.-0------";
				PRODUCT_NAME = "$(TARGET_NAME)";
			};
			name = Debug;
		};
		CC0A9B511CFECC5B00B670C5 /* Release */ = {
			isa = XCBuildConfiguration;
			buildSettings = {
				ASSETCATALOG_COMPILER_APPICON_NAME = AppIcon;
				INFOPLIST_FILE = "20-扇形进度条/Info.plist";
				LD_RUNPATH_SEARCH_PATHS = "$(inherited) @executable_path/Frameworks";
				PRODUCT_BUNDLE_IDENTIFIER = "cn.coppco.-0------";
				PRODUCT_NAME = "$(TARGET_NAME)";
			};
			name = Release;
		};
		CC0A9B531CFECC5B00B670C5 /* Debug */ = {
			isa = XCBuildConfiguration;
			buildSettings = {
				BUNDLE_LOADER = "$(TEST_HOST)";
				INFOPLIST_FILE = "20-扇形进度条Tests/Info.plist";
				LD_RUNPATH_SEARCH_PATHS = "$(inherited) @executable_path/Frameworks @loader_path/Frameworks";
				PRODUCT_BUNDLE_IDENTIFIER = "cn.coppco.-0------Tests";
				PRODUCT_NAME = "$(TARGET_NAME)";
				TEST_HOST = "$(BUILT_PRODUCTS_DIR)/20-扇形进度条.app/20-扇形进度条";
			};
			name = Debug;
		};
		CC0A9B541CFECC5B00B670C5 /* Release */ = {
			isa = XCBuildConfiguration;
			buildSettings = {
				BUNDLE_LOADER = "$(TEST_HOST)";
				INFOPLIST_FILE = "20-扇形进度条Tests/Info.plist";
				LD_RUNPATH_SEARCH_PATHS = "$(inherited) @executable_path/Frameworks @loader_path/Frameworks";
				PRODUCT_BUNDLE_IDENTIFIER = "cn.coppco.-0------Tests";
				PRODUCT_NAME = "$(TARGET_NAME)";
				TEST_HOST = "$(BUILT_PRODUCTS_DIR)/20-扇形进度条.app/20-扇形进度条";
			};
			name = Release;
		};
		CC0A9B561CFECC5B00B670C5 /* Debug */ = {
			isa = XCBuildConfiguration;
			buildSettings = {
				INFOPLIST_FILE = "20-扇形进度条UITests/Info.plist";
				LD_RUNPATH_SEARCH_PATHS = "$(inherited) @executable_path/Frameworks @loader_path/Frameworks";
				PRODUCT_BUNDLE_IDENTIFIER = "cn.coppco.-0------UITests";
				PRODUCT_NAME = "$(TARGET_NAME)";
				TEST_TARGET_NAME = "20-扇形进度条";
				USES_XCTRUNNER = YES;
			};
			name = Debug;
		};
		CC0A9B571CFECC5B00B670C5 /* Release */ = {
			isa = XCBuildConfiguration;
			buildSettings = {
				INFOPLIST_FILE = "20-扇形进度条UITests/Info.plist";
				LD_RUNPATH_SEARCH_PATHS = "$(inherited) @executable_path/Frameworks @loader_path/Frameworks";
				PRODUCT_BUNDLE_IDENTIFIER = "cn.coppco.-0------UITests";
				PRODUCT_NAME = "$(TARGET_NAME)";
				TEST_TARGET_NAME = "20-扇形进度条";
				USES_XCTRUNNER = YES;
			};
			name = Release;
		};
/* End XCBuildConfiguration section */

/* Begin XCConfigurationList section */
		CC0A9B1D1CFECC5B00B670C5 /* Build configuration list for PBXProject "20-扇形进度条" */ = {
			isa = XCConfigurationList;
			buildConfigurations = (
				CC0A9B4D1CFECC5B00B670C5 /* Debug */,
				CC0A9B4E1CFECC5B00B670C5 /* Release */,
			);
			defaultConfigurationIsVisible = 0;
			defaultConfigurationName = Release;
		};
		CC0A9B4F1CFECC5B00B670C5 /* Build configuration list for PBXNativeTarget "20-扇形进度条" */ = {
			isa = XCConfigurationList;
			buildConfigurations = (
				CC0A9B501CFECC5B00B670C5 /* Debug */,
				CC0A9B511CFECC5B00B670C5 /* Release */,
			);
			defaultConfigurationIsVisible = 0;
		};
		CC0A9B521CFECC5B00B670C5 /* Build configuration list for PBXNativeTarget "20-扇形进度条Tests" */ = {
			isa = XCConfigurationList;
			buildConfigurations = (
				CC0A9B531CFECC5B00B670C5 /* Debug */,
				CC0A9B541CFECC5B00B670C5 /* Release */,
			);
			defaultConfigurationIsVisible = 0;
		};
		CC0A9B551CFECC5B00B670C5 /* Build configuration list for PBXNativeTarget "20-扇形进度条UITests" */ = {
			isa = XCConfigurationList;
			buildConfigurations = (
				CC0A9B561CFECC5B00B670C5 /* Debug */,
				CC0A9B571CFECC5B00B670C5 /* Release */,
			);
			defaultConfigurationIsVisible = 0;
		};
/* End XCConfigurationList section */
	};
	rootObject = CC0A9B1A1CFECC5B00B670C5 /* Project object */;
}
