PODS:
  - BlocksKit (2.2.5):
    - BlocksKit/All (= 2.2.5)
  - BlocksKit/All (2.2.5):
    - BlocksKit/Core
    - BlocksKit/DynamicDelegate
    - BlocksKit/MessageUI
    - BlocksKit/UIKit
  - BlocksKit/Core (2.2.5)
  - BlocksKit/DynamicDelegate (2.2.5)
  - BlocksKit/MessageUI (2.2.5):
    - BlocksKit/Core
    - BlocksKit/DynamicDelegate
  - BlocksKit/UIKit (2.2.5):
    - BlocksKit/Core
    - BlocksKit/DynamicDelegate
  - Masonry (1.0.0)
  - TPKeyboardAvoiding (1.3)

DEPENDENCIES:
  - BlocksKit (~> 2.2.5)
  - Masonry (~> 1.0.0)
  - TPKeyboardAvoiding (~> 1.3)

SPEC CHECKSUMS:
  BlocksKit: 7f422b971407001178d181a43b99014ea2591fe6
  Masonry: b529bb169217897b6354d4b56b1fada6d475b13d
  TPKeyboardAvoiding: a5138f318c06fb3e151f886e18ce4a72695d9cbe

COCOAPODS: 0.39.0
