// !$*UTF8*$!
{
	archiveVersion = 1;
	classes = {
	};
	objectVersion = 46;
	objects = {

/* Begin PBXBuildFile section */
		CCC233B41CFE700B00D41FC6 /* main.m in Sources */ = {isa = PBXBuildFile; fileRef = CCC233B31CFE700B00D41FC6 /* main.m */; };
		CCC233B71CFE700B00D41FC6 /* AppDelegate.m in Sources */ = {isa = PBXBuildFile; fileRef = CCC233B61CFE700B00D41FC6 /* AppDelegate.m */; };
		CCC233BA1CFE700B00D41FC6 /* ViewController.m in Sources */ = {isa = PBXBuildFile; fileRef = CCC233B91CFE700B00D41FC6 /* ViewController.m */; };
		CCC233BD1CFE700B00D41FC6 /* Main.storyboard in Resources */ = {isa = PBXBuildFile; fileRef = CCC233BB1CFE700B00D41FC6 /* Main.storyboard */; };
		CCC233BF1CFE700B00D41FC6 /* Assets.xcassets in Resources */ = {isa = PBXBuildFile; fileRef = CCC233BE1CFE700B00D41FC6 /* Assets.xcassets */; };
		CCC233C21CFE700B00D41FC6 /* LaunchScreen.storyboard in Resources */ = {isa = PBXBuildFile; fileRef = CCC233C01CFE700B00D41FC6 /* LaunchScreen.storyboard */; };
		CCC233CD1CFE700B00D41FC6 /* _1__label___Tests.m in Sources */ = {isa = PBXBuildFile; fileRef = CCC233CC1CFE700B00D41FC6 /* _1__label___Tests.m */; };
		CCC233D81CFE700B00D41FC6 /* _1__label___UITests.m in Sources */ = {isa = PBXBuildFile; fileRef = CCC233D71CFE700B00D41FC6 /* _1__label___UITests.m */; };
		CCC233E71CFE713F00D41FC6 /* HJTextSlider.m in Sources */ = {isa = PBXBuildFile; fileRef = CCC233E61CFE713F00D41FC6 /* HJTextSlider.m */; };
		CCC233EA1CFE735200D41FC6 /* HJPopView.m in Sources */ = {isa = PBXBuildFile; fileRef = CCC233E91CFE735200D41FC6 /* HJPopView.m */; };
/* End PBXBuildFile section */

/* Begin PBXContainerItemProxy section */
		CCC233C91CFE700B00D41FC6 /* PBXContainerItemProxy */ = {
			isa = PBXContainerItemProxy;
			containerPortal = CCC233A71CFE700B00D41FC6 /* Project object */;
			proxyType = 1;
			remoteGlobalIDString = CCC233AE1CFE700B00D41FC6;
			remoteInfo = "11-带label的滑块";
		};
		CCC233D41CFE700B00D41FC6 /* PBXContainerItemProxy */ = {
			isa = PBXContainerItemProxy;
			containerPortal = CCC233A71CFE700B00D41FC6 /* Project object */;
			proxyType = 1;
			remoteGlobalIDString = CCC233AE1CFE700B00D41FC6;
			remoteInfo = "11-带label的滑块";
		};
/* End PBXContainerItemProxy section */

/* Begin PBXFileReference section */
		CCC233AF1CFE700B00D41FC6 /* 11-带label的滑块.app */ = {isa = PBXFileReference; explicitFileType = wrapper.application; includeInIndex = 0; path = "11-带label的滑块.app"; sourceTree = BUILT_PRODUCTS_DIR; };
		CCC233B31CFE700B00D41FC6 /* main.m */ = {isa = PBXFileReference; lastKnownFileType = sourcecode.c.objc; path = main.m; sourceTree = "<group>"; };
		CCC233B51CFE700B00D41FC6 /* AppDelegate.h */ = {isa = PBXFileReference; lastKnownFileType = sourcecode.c.h; path = AppDelegate.h; sourceTree = "<group>"; };
		CCC233B61CFE700B00D41FC6 /* AppDelegate.m */ = {isa = PBXFileReference; lastKnownFileType = sourcecode.c.objc; path = AppDelegate.m; sourceTree = "<group>"; };
		CCC233B81CFE700B00D41FC6 /* ViewController.h */ = {isa = PBXFileReference; lastKnownFileType = sourcecode.c.h; path = ViewController.h; sourceTree = "<group>"; };
		CCC233B91CFE700B00D41FC6 /* ViewController.m */ = {isa = PBXFileReference; lastKnownFileType = sourcecode.c.objc; path = ViewController.m; sourceTree = "<group>"; };
		CCC233BC1CFE700B00D41FC6 /* Base */ = {isa = PBXFileReference; lastKnownFileType = file.storyboard; name = Base; path = Base.lproj/Main.storyboard; sourceTree = "<group>"; };
		CCC233BE1CFE700B00D41FC6 /* Assets.xcassets */ = {isa = PBXFileReference; lastKnownFileType = folder.assetcatalog; path = Assets.xcassets; sourceTree = "<group>"; };
		CCC233C11CFE700B00D41FC6 /* Base */ = {isa = PBXFileReference; lastKnownFileType = file.storyboard; name = Base; path = Base.lproj/LaunchScreen.storyboard; sourceTree = "<group>"; };
		CCC233C31CFE700B00D41FC6 /* Info.plist */ = {isa = PBXFileReference; lastKnownFileType = text.plist.xml; path = Info.plist; sourceTree = "<group>"; };
		CCC233C81CFE700B00D41FC6 /* 11-带label的滑块Tests.xctest */ = {isa = PBXFileReference; explicitFileType = wrapper.cfbundle; includeInIndex = 0; path = "11-带label的滑块Tests.xctest"; sourceTree = BUILT_PRODUCTS_DIR; };
		CCC233CC1CFE700B00D41FC6 /* _1__label___Tests.m */ = {isa = PBXFileReference; lastKnownFileType = sourcecode.c.objc; path = "_1__label___Tests.m"; sourceTree = "<group>"; };
		CCC233CE1CFE700B00D41FC6 /* Info.plist */ = {isa = PBXFileReference; lastKnownFileType = text.plist.xml; path = Info.plist; sourceTree = "<group>"; };
		CCC233D31CFE700B00D41FC6 /* 11-带label的滑块UITests.xctest */ = {isa = PBXFileReference; explicitFileType = wrapper.cfbundle; includeInIndex = 0; path = "11-带label的滑块UITests.xctest"; sourceTree = BUILT_PRODUCTS_DIR; };
		CCC233D71CFE700B00D41FC6 /* _1__label___UITests.m */ = {isa = PBXFileReference; lastKnownFileType = sourcecode.c.objc; path = "_1__label___UITests.m"; sourceTree = "<group>"; };
		CCC233D91CFE700B00D41FC6 /* Info.plist */ = {isa = PBXFileReference; lastKnownFileType = text.plist.xml; path = Info.plist; sourceTree = "<group>"; };
		CCC233E51CFE713F00D41FC6 /* HJTextSlider.h */ = {isa = PBXFileReference; fileEncoding = 4; lastKnownFileType = sourcecode.c.h; path = HJTextSlider.h; sourceTree = "<group>"; };
		CCC233E61CFE713F00D41FC6 /* HJTextSlider.m */ = {isa = PBXFileReference; fileEncoding = 4; lastKnownFileType = sourcecode.c.objc; path = HJTextSlider.m; sourceTree = "<group>"; };
		CCC233E81CFE735200D41FC6 /* HJPopView.h */ = {isa = PBXFileReference; fileEncoding = 4; lastKnownFileType = sourcecode.c.h; path = HJPopView.h; sourceTree = "<group>"; };
		CCC233E91CFE735200D41FC6 /* HJPopView.m */ = {isa = PBXFileReference; fileEncoding = 4; lastKnownFileType = sourcecode.c.objc; path = HJPopView.m; sourceTree = "<group>"; };
/* End PBXFileReference section */

/* Begin PBXFrameworksBuildPhase section */
		CCC233AC1CFE700B00D41FC6 /* Frameworks */ = {
			isa = PBXFrameworksBuildPhase;
			buildActionMask = 2147483647;
			files = (
			);
			runOnlyForDeploymentPostprocessing = 0;
		};
		CCC233C51CFE700B00D41FC6 /* Frameworks */ = {
			isa = PBXFrameworksBuildPhase;
			buildActionMask = 2147483647;
			files = (
			);
			runOnlyForDeploymentPostprocessing = 0;
		};
		CCC233D01CFE700B00D41FC6 /* Frameworks */ = {
			isa = PBXFrameworksBuildPhase;
			buildActionMask = 2147483647;
			files = (
			);
			runOnlyForDeploymentPostprocessing = 0;
		};
/* End PBXFrameworksBuildPhase section */

/* Begin PBXGroup section */
		CCC233A61CFE700B00D41FC6 = {
			isa = PBXGroup;
			children = (
				CCC233B11CFE700B00D41FC6 /* 11-带label的滑块 */,
				CCC233CB1CFE700B00D41FC6 /* 11-带label的滑块Tests */,
				CCC233D61CFE700B00D41FC6 /* 11-带label的滑块UITests */,
				CCC233B01CFE700B00D41FC6 /* Products */,
			);
			sourceTree = "<group>";
		};
		CCC233B01CFE700B00D41FC6 /* Products */ = {
			isa = PBXGroup;
			children = (
				CCC233AF1CFE700B00D41FC6 /* 11-带label的滑块.app */,
				CCC233C81CFE700B00D41FC6 /* 11-带label的滑块Tests.xctest */,
				CCC233D31CFE700B00D41FC6 /* 11-带label的滑块UITests.xctest */,
			);
			name = Products;
			sourceTree = "<group>";
		};
		CCC233B11CFE700B00D41FC6 /* 11-带label的滑块 */ = {
			isa = PBXGroup;
			children = (
				CCC233B51CFE700B00D41FC6 /* AppDelegate.h */,
				CCC233B61CFE700B00D41FC6 /* AppDelegate.m */,
				CCC233E81CFE735200D41FC6 /* HJPopView.h */,
				CCC233E91CFE735200D41FC6 /* HJPopView.m */,
				CCC233E51CFE713F00D41FC6 /* HJTextSlider.h */,
				CCC233E61CFE713F00D41FC6 /* HJTextSlider.m */,
				CCC233B81CFE700B00D41FC6 /* ViewController.h */,
				CCC233B91CFE700B00D41FC6 /* ViewController.m */,
				CCC233BB1CFE700B00D41FC6 /* Main.storyboard */,
				CCC233BE1CFE700B00D41FC6 /* Assets.xcassets */,
				CCC233C01CFE700B00D41FC6 /* LaunchScreen.storyboard */,
				CCC233C31CFE700B00D41FC6 /* Info.plist */,
				CCC233B21CFE700B00D41FC6 /* Supporting Files */,
			);
			path = "11-带label的滑块";
			sourceTree = "<group>";
		};
		CCC233B21CFE700B00D41FC6 /* Supporting Files */ = {
			isa = PBXGroup;
			children = (
				CCC233B31CFE700B00D41FC6 /* main.m */,
			);
			name = "Supporting Files";
			sourceTree = "<group>";
		};
		CCC233CB1CFE700B00D41FC6 /* 11-带label的滑块Tests */ = {
			isa = PBXGroup;
			children = (
				CCC233CC1CFE700B00D41FC6 /* _1__label___Tests.m */,
				CCC233CE1CFE700B00D41FC6 /* Info.plist */,
			);
			path = "11-带label的滑块Tests";
			sourceTree = "<group>";
		};
		CCC233D61CFE700B00D41FC6 /* 11-带label的滑块UITests */ = {
			isa = PBXGroup;
			children = (
				CCC233D71CFE700B00D41FC6 /* _1__label___UITests.m */,
				CCC233D91CFE700B00D41FC6 /* Info.plist */,
			);
			path = "11-带label的滑块UITests";
			sourceTree = "<group>";
		};
/* End PBXGroup section */

/* Begin PBXNativeTarget section */
		CCC233AE1CFE700B00D41FC6 /* 11-带label的滑块 */ = {
			isa = PBXNativeTarget;
			buildConfigurationList = CCC233DC1CFE700B00D41FC6 /* Build configuration list for PBXNativeTarget "11-带label的滑块" */;
			buildPhases = (
				CCC233AB1CFE700B00D41FC6 /* Sources */,
				CCC233AC1CFE700B00D41FC6 /* Frameworks */,
				CCC233AD1CFE700B00D41FC6 /* Resources */,
			);
			buildRules = (
			);
			dependencies = (
			);
			name = "11-带label的滑块";
			productName = "11-带label的滑块";
			productReference = CCC233AF1CFE700B00D41FC6 /* 11-带label的滑块.app */;
			productType = "com.apple.product-type.application";
		};
		CCC233C71CFE700B00D41FC6 /* 11-带label的滑块Tests */ = {
			isa = PBXNativeTarget;
			buildConfigurationList = CCC233DF1CFE700B00D41FC6 /* Build configuration list for PBXNativeTarget "11-带label的滑块Tests" */;
			buildPhases = (
				CCC233C41CFE700B00D41FC6 /* Sources */,
				CCC233C51CFE700B00D41FC6 /* Frameworks */,
				CCC233C61CFE700B00D41FC6 /* Resources */,
			);
			buildRules = (
			);
			dependencies = (
				CCC233CA1CFE700B00D41FC6 /* PBXTargetDependency */,
			);
			name = "11-带label的滑块Tests";
			productName = "11-带label的滑块Tests";
			productReference = CCC233C81CFE700B00D41FC6 /* 11-带label的滑块Tests.xctest */;
			productType = "com.apple.product-type.bundle.unit-test";
		};
		CCC233D21CFE700B00D41FC6 /* 11-带label的滑块UITests */ = {
			isa = PBXNativeTarget;
			buildConfigurationList = CCC233E21CFE700B00D41FC6 /* Build configuration list for PBXNativeTarget "11-带label的滑块UITests" */;
			buildPhases = (
				CCC233CF1CFE700B00D41FC6 /* Sources */,
				CCC233D01CFE700B00D41FC6 /* Frameworks */,
				CCC233D11CFE700B00D41FC6 /* Resources */,
			);
			buildRules = (
			);
			dependencies = (
				CCC233D51CFE700B00D41FC6 /* PBXTargetDependency */,
			);
			name = "11-带label的滑块UITests";
			productName = "11-带label的滑块UITests";
			productReference = CCC233D31CFE700B00D41FC6 /* 11-带label的滑块UITests.xctest */;
			productType = "com.apple.product-type.bundle.ui-testing";
		};
/* End PBXNativeTarget section */

/* Begin PBXProject section */
		CCC233A71CFE700B00D41FC6 /* Project object */ = {
			isa = PBXProject;
			attributes = {
				LastUpgradeCheck = 0720;
				ORGANIZATIONNAME = XHJ;
				TargetAttributes = {
					CCC233AE1CFE700B00D41FC6 = {
						CreatedOnToolsVersion = 7.2;
					};
					CCC233C71CFE700B00D41FC6 = {
						CreatedOnToolsVersion = 7.2;
						TestTargetID = CCC233AE1CFE700B00D41FC6;
					};
					CCC233D21CFE700B00D41FC6 = {
						CreatedOnToolsVersion = 7.2;
						TestTargetID = CCC233AE1CFE700B00D41FC6;
					};
				};
			};
			buildConfigurationList = CCC233AA1CFE700B00D41FC6 /* Build configuration list for PBXProject "11-带label的滑块" */;
			compatibilityVersion = "Xcode 3.2";
			developmentRegion = English;
			hasScannedForEncodings = 0;
			knownRegions = (
				en,
				Base,
			);
			mainGroup = CCC233A61CFE700B00D41FC6;
			productRefGroup = CCC233B01CFE700B00D41FC6 /* Products */;
			projectDirPath = "";
			projectRoot = "";
			targets = (
				CCC233AE1CFE700B00D41FC6 /* 11-带label的滑块 */,
				CCC233C71CFE700B00D41FC6 /* 11-带label的滑块Tests */,
				CCC233D21CFE700B00D41FC6 /* 11-带label的滑块UITests */,
			);
		};
/* End PBXProject section */

/* Begin PBXResourcesBuildPhase section */
		CCC233AD1CFE700B00D41FC6 /* Resources */ = {
			isa = PBXResourcesBuildPhase;
			buildActionMask = 2147483647;
			files = (
				CCC233C21CFE700B00D41FC6 /* LaunchScreen.storyboard in Resources */,
				CCC233BF1CFE700B00D41FC6 /* Assets.xcassets in Resources */,
				CCC233BD1CFE700B00D41FC6 /* Main.storyboard in Resources */,
			);
			runOnlyForDeploymentPostprocessing = 0;
		};
		CCC233C61CFE700B00D41FC6 /* Resources */ = {
			isa = PBXResourcesBuildPhase;
			buildActionMask = 2147483647;
			files = (
			);
			runOnlyForDeploymentPostprocessing = 0;
		};
		CCC233D11CFE700B00D41FC6 /* Resources */ = {
			isa = PBXResourcesBuildPhase;
			buildActionMask = 2147483647;
			files = (
			);
			runOnlyForDeploymentPostprocessing = 0;
		};
/* End PBXResourcesBuildPhase section */

/* Begin PBXSourcesBuildPhase section */
		CCC233AB1CFE700B00D41FC6 /* Sources */ = {
			isa = PBXSourcesBuildPhase;
			buildActionMask = 2147483647;
			files = (
				CCC233EA1CFE735200D41FC6 /* HJPopView.m in Sources */,
				CCC233BA1CFE700B00D41FC6 /* ViewController.m in Sources */,
				CCC233B71CFE700B00D41FC6 /* AppDelegate.m in Sources */,
				CCC233B41CFE700B00D41FC6 /* main.m in Sources */,
				CCC233E71CFE713F00D41FC6 /* HJTextSlider.m in Sources */,
			);
			runOnlyForDeploymentPostprocessing = 0;
		};
		CCC233C41CFE700B00D41FC6 /* Sources */ = {
			isa = PBXSourcesBuildPhase;
			buildActionMask = 2147483647;
			files = (
				CCC233CD1CFE700B00D41FC6 /* _1__label___Tests.m in Sources */,
			);
			runOnlyForDeploymentPostprocessing = 0;
		};
		CCC233CF1CFE700B00D41FC6 /* Sources */ = {
			isa = PBXSourcesBuildPhase;
			buildActionMask = 2147483647;
			files = (
				CCC233D81CFE700B00D41FC6 /* _1__label___UITests.m in Sources */,
			);
			runOnlyForDeploymentPostprocessing = 0;
		};
/* End PBXSourcesBuildPhase section */

/* Begin PBXTargetDependency section */
		CCC233CA1CFE700B00D41FC6 /* PBXTargetDependency */ = {
			isa = PBXTargetDependency;
			target = CCC233AE1CFE700B00D41FC6 /* 11-带label的滑块 */;
			targetProxy = CCC233C91CFE700B00D41FC6 /* PBXContainerItemProxy */;
		};
		CCC233D51CFE700B00D41FC6 /* PBXTargetDependency */ = {
			isa = PBXTargetDependency;
			target = CCC233AE1CFE700B00D41FC6 /* 11-带label的滑块 */;
			targetProxy = CCC233D41CFE700B00D41FC6 /* PBXContainerItemProxy */;
		};
/* End PBXTargetDependency section */

/* Begin PBXVariantGroup section */
		CCC233BB1CFE700B00D41FC6 /* Main.storyboard */ = {
			isa = PBXVariantGroup;
			children = (
				CCC233BC1CFE700B00D41FC6 /* Base */,
			);
			name = Main.storyboard;
			sourceTree = "<group>";
		};
		CCC233C01CFE700B00D41FC6 /* LaunchScreen.storyboard */ = {
			isa = PBXVariantGroup;
			children = (
				CCC233C11CFE700B00D41FC6 /* Base */,
			);
			name = LaunchScreen.storyboard;
			sourceTree = "<group>";
		};
/* End PBXVariantGroup section */

/* Begin XCBuildConfiguration section */
		CCC233DA1CFE700B00D41FC6 /* Debug */ = {
			isa = XCBuildConfiguration;
			buildSettings = {
				ALWAYS_SEARCH_USER_PATHS = NO;
				CLANG_CXX_LANGUAGE_STANDARD = "gnu++0x";
				CLANG_CXX_LIBRARY = "libc++";
				CLANG_ENABLE_MODULES = YES;
				CLANG_ENABLE_OBJC_ARC = YES;
				CLANG_WARN_BOOL_CONVERSION = YES;
				CLANG_WARN_CONSTANT_CONVERSION = YES;
				CLANG_WARN_DIRECT_OBJC_ISA_USAGE = YES_ERROR;
				CLANG_WARN_EMPTY_BODY = YES;
				CLANG_WARN_ENUM_CONVERSION = YES;
				CLANG_WARN_INT_CONVERSION = YES;
				CLANG_WARN_OBJC_ROOT_CLASS = YES_ERROR;
				CLANG_WARN_UNREACHABLE_CODE = YES;
				CLANG_WARN__DUPLICATE_METHOD_MATCH = YES;
				"CODE_SIGN_IDENTITY[sdk=iphoneos*]" = "iPhone Developer";
				COPY_PHASE_STRIP = NO;
				DEBUG_INFORMATION_FORMAT = dwarf;
				ENABLE_STRICT_OBJC_MSGSEND = YES;
				ENABLE_TESTABILITY = YES;
				GCC_C_LANGUAGE_STANDARD = gnu99;
				GCC_DYNAMIC_NO_PIC = NO;
				GCC_NO_COMMON_BLOCKS = YES;
				GCC_OPTIMIZATION_LEVEL = 0;
				GCC_PREPROCESSOR_DEFINITIONS = (
					"DEBUG=1",
					"$(inherited)",
				);
				GCC_WARN_64_TO_32_BIT_CONVERSION = YES;
				GCC_WARN_ABOUT_RETURN_TYPE = YES_ERROR;
				GCC_WARN_UNDECLARED_SELECTOR = YES;
				GCC_WARN_UNINITIALIZED_AUTOS = YES_AGGRESSIVE;
				GCC_WARN_UNUSED_FUNCTION = YES;
				GCC_WARN_UNUSED_VARIABLE = YES;
				IPHONEOS_DEPLOYMENT_TARGET = 9.2;
				MTL_ENABLE_DEBUG_INFO = YES;
				ONLY_ACTIVE_ARCH = YES;
				SDKROOT = iphoneos;
				TARGETED_DEVICE_FAMILY = "1,2";
			};
			name = Debug;
		};
		CCC233DB1CFE700B00D41FC6 /* Release */ = {
			isa = XCBuildConfiguration;
			buildSettings = {
				ALWAYS_SEARCH_USER_PATHS = NO;
				CLANG_CXX_LANGUAGE_STANDARD = "gnu++0x";
				CLANG_CXX_LIBRARY = "libc++";
				CLANG_ENABLE_MODULES = YES;
				CLANG_ENABLE_OBJC_ARC = YES;
				CLANG_WARN_BOOL_CONVERSION = YES;
				CLANG_WARN_CONSTANT_CONVERSION = YES;
				CLANG_WARN_DIRECT_OBJC_ISA_USAGE = YES_ERROR;
				CLANG_WARN_EMPTY_BODY = YES;
				CLANG_WARN_ENUM_CONVERSION = YES;
				CLANG_WARN_INT_CONVERSION = YES;
				CLANG_WARN_OBJC_ROOT_CLASS = YES_ERROR;
				CLANG_WARN_UNREACHABLE_CODE = YES;
				CLANG_WARN__DUPLICATE_METHOD_MATCH = YES;
				"CODE_SIGN_IDENTITY[sdk=iphoneos*]" = "iPhone Developer";
				COPY_PHASE_STRIP = NO;
				DEBUG_INFORMATION_FORMAT = "dwarf-with-dsym";
				ENABLE_NS_ASSERTIONS = NO;
				ENABLE_STRICT_OBJC_MSGSEND = YES;
				GCC_C_LANGUAGE_STANDARD = gnu99;
				GCC_NO_COMMON_BLOCKS = YES;
				GCC_WARN_64_TO_32_BIT_CONVERSION = YES;
				GCC_WARN_ABOUT_RETURN_TYPE = YES_ERROR;
				GCC_WARN_UNDECLARED_SELECTOR = YES;
				GCC_WARN_UNINITIALIZED_AUTOS = YES_AGGRESSIVE;
				GCC_WARN_UNUSED_FUNCTION = YES;
				GCC_WARN_UNUSED_VARIABLE = YES;
				IPHONEOS_DEPLOYMENT_TARGET = 9.2;
				MTL_ENABLE_DEBUG_INFO = NO;
				SDKROOT = iphoneos;
				TARGETED_DEVICE_FAMILY = "1,2";
				VALIDATE_PRODUCT = YES;
			};
			name = Release;
		};
		CCC233DD1CFE700B00D41FC6 /* Debug */ = {
			isa = XCBuildConfiguration;
			buildSettings = {
				ASSETCATALOG_COMPILER_APPICON_NAME = AppIcon;
				INFOPLIST_FILE = "11-带label的滑块/Info.plist";
				LD_RUNPATH_SEARCH_PATHS = "$(inherited) @executable_path/Frameworks";
				PRODUCT_BUNDLE_IDENTIFIER = "cn.coppco.-1--label---";
				PRODUCT_NAME = "$(TARGET_NAME)";
			};
			name = Debug;
		};
		CCC233DE1CFE700B00D41FC6 /* Release */ = {
			isa = XCBuildConfiguration;
			buildSettings = {
				ASSETCATALOG_COMPILER_APPICON_NAME = AppIcon;
				INFOPLIST_FILE = "11-带label的滑块/Info.plist";
				LD_RUNPATH_SEARCH_PATHS = "$(inherited) @executable_path/Frameworks";
				PRODUCT_BUNDLE_IDENTIFIER = "cn.coppco.-1--label---";
				PRODUCT_NAME = "$(TARGET_NAME)";
			};
			name = Release;
		};
		CCC233E01CFE700B00D41FC6 /* Debug */ = {
			isa = XCBuildConfiguration;
			buildSettings = {
				BUNDLE_LOADER = "$(TEST_HOST)";
				INFOPLIST_FILE = "11-带label的滑块Tests/Info.plist";
				LD_RUNPATH_SEARCH_PATHS = "$(inherited) @executable_path/Frameworks @loader_path/Frameworks";
				PRODUCT_BUNDLE_IDENTIFIER = "cn.coppco.-1--label---Tests";
				PRODUCT_NAME = "$(TARGET_NAME)";
				TEST_HOST = "$(BUILT_PRODUCTS_DIR)/11-带label的滑块.app/11-带label的滑块";
			};
			name = Debug;
		};
		CCC233E11CFE700B00D41FC6 /* Release */ = {
			isa = XCBuildConfiguration;
			buildSettings = {
				BUNDLE_LOADER = "$(TEST_HOST)";
				INFOPLIST_FILE = "11-带label的滑块Tests/Info.plist";
				LD_RUNPATH_SEARCH_PATHS = "$(inherited) @executable_path/Frameworks @loader_path/Frameworks";
				PRODUCT_BUNDLE_IDENTIFIER = "cn.coppco.-1--label---Tests";
				PRODUCT_NAME = "$(TARGET_NAME)";
				TEST_HOST = "$(BUILT_PRODUCTS_DIR)/11-带label的滑块.app/11-带label的滑块";
			};
			name = Release;
		};
		CCC233E31CFE700B00D41FC6 /* Debug */ = {
			isa = XCBuildConfiguration;
			buildSettings = {
				INFOPLIST_FILE = "11-带label的滑块UITests/Info.plist";
				LD_RUNPATH_SEARCH_PATHS = "$(inherited) @executable_path/Frameworks @loader_path/Frameworks";
				PRODUCT_BUNDLE_IDENTIFIER = "cn.coppco.-1--label---UITests";
				PRODUCT_NAME = "$(TARGET_NAME)";
				TEST_TARGET_NAME = "11-带label的滑块";
				USES_XCTRUNNER = YES;
			};
			name = Debug;
		};
		CCC233E41CFE700B00D41FC6 /* Release */ = {
			isa = XCBuildConfiguration;
			buildSettings = {
				INFOPLIST_FILE = "11-带label的滑块UITests/Info.plist";
				LD_RUNPATH_SEARCH_PATHS = "$(inherited) @executable_path/Frameworks @loader_path/Frameworks";
				PRODUCT_BUNDLE_IDENTIFIER = "cn.coppco.-1--label---UITests";
				PRODUCT_NAME = "$(TARGET_NAME)";
				TEST_TARGET_NAME = "11-带label的滑块";
				USES_XCTRUNNER = YES;
			};
			name = Release;
		};
/* End XCBuildConfiguration section */

/* Begin XCConfigurationList section */
		CCC233AA1CFE700B00D41FC6 /* Build configuration list for PBXProject "11-带label的滑块" */ = {
			isa = XCConfigurationList;
			buildConfigurations = (
				CCC233DA1CFE700B00D41FC6 /* Debug */,
				CCC233DB1CFE700B00D41FC6 /* Release */,
			);
			defaultConfigurationIsVisible = 0;
			defaultConfigurationName = Release;
		};
		CCC233DC1CFE700B00D41FC6 /* Build configuration list for PBXNativeTarget "11-带label的滑块" */ = {
			isa = XCConfigurationList;
			buildConfigurations = (
				CCC233DD1CFE700B00D41FC6 /* Debug */,
				CCC233DE1CFE700B00D41FC6 /* Release */,
			);
			defaultConfigurationIsVisible = 0;
		};
		CCC233DF1CFE700B00D41FC6 /* Build configuration list for PBXNativeTarget "11-带label的滑块Tests" */ = {
			isa = XCConfigurationList;
			buildConfigurations = (
				CCC233E01CFE700B00D41FC6 /* Debug */,
				CCC233E11CFE700B00D41FC6 /* Release */,
			);
			defaultConfigurationIsVisible = 0;
		};
		CCC233E21CFE700B00D41FC6 /* Build configuration list for PBXNativeTarget "11-带label的滑块UITests" */ = {
			isa = XCConfigurationList;
			buildConfigurations = (
				CCC233E31CFE700B00D41FC6 /* Debug */,
				CCC233E41CFE700B00D41FC6 /* Release */,
			);
			defaultConfigurationIsVisible = 0;
		};
/* End XCConfigurationList section */
	};
	rootObject = CCC233A71CFE700B00D41FC6 /* Project object */;
}
